// !$*UTF8*$!
{
	archiveVersion = 1;
	classes = {
	};
	objectVersion = 46;
	objects = {

/* Begin PBXBuildFile section */
		F4CCEBB11F1FA32C0020E988 /* AppDelegate.swift in Sources */ = {isa = PBXBuildFile; fileRef = F4CCEBB01F1FA32C0020E988 /* AppDelegate.swift */; };
		F4CCEBB31F1FA32C0020E988 /* ViewController.swift in Sources */ = {isa = PBXBuildFile; fileRef = F4CCEBB21F1FA32C0020E988 /* ViewController.swift */; };
		F4CCEBB51F1FA32C0020E988 /* Assets.xcassets in Resources */ = {isa = PBXBuildFile; fileRef = F4CCEBB41F1FA32C0020E988 /* Assets.xcassets */; };
		F4CCEBB81F1FA32C0020E988 /* Main.storyboard in Resources */ = {isa = PBXBuildFile; fileRef = F4CCEBB61F1FA32C0020E988 /* Main.storyboard */; };
		F4CCEBC01F1FB0010020E988 /* Utils.swift in Sources */ = {isa = PBXBuildFile; fileRef = F4CCEBBF1F1FB0010020E988 /* Utils.swift */; };
/* End PBXBuildFile section */

/* Begin PBXFileReference section */
		F4CCEBAD1F1FA32C0020E988 /* Webshot.app */ = {isa = PBXFileReference; explicitFileType = wrapper.application; includeInIndex = 0; path = Webshot.app; sourceTree = BUILT_PRODUCTS_DIR; };
		F4CCEBB01F1FA32C0020E988 /* AppDelegate.swift */ = {isa = PBXFileReference; lastKnownFileType = sourcecode.swift; path = AppDelegate.swift; sourceTree = "<group>"; };
		F4CCEBB21F1FA32C0020E988 /* ViewController.swift */ = {isa = PBXFileReference; lastKnownFileType = sourcecode.swift; path = ViewController.swift; sourceTree = "<group>"; wrapsLines = 0; };
		F4CCEBB41F1FA32C0020E988 /* Assets.xcassets */ = {isa = PBXFileReference; lastKnownFileType = folder.assetcatalog; path = Assets.xcassets; sourceTree = "<group>"; };
		F4CCEBB71F1FA32C0020E988 /* Base */ = {isa = PBXFileReference; lastKnownFileType = file.storyboard; name = Base; path = Base.lproj/Main.storyboard; sourceTree = "<group>"; };
		F4CCEBB91F1FA32C0020E988 /* Info.plist */ = {isa = PBXFileReference; lastKnownFileType = text.plist.xml; path = Info.plist; sourceTree = "<group>"; };
		F4CCEBBF1F1FB0010020E988 /* Utils.swift */ = {isa = PBXFileReference; fileEncoding = 4; lastKnownFileType = sourcecode.swift; path = Utils.swift; sourceTree = "<group>"; };
/* End PBXFileReference section */

/* Begin PBXFrameworksBuildPhase section */
		F4CCEBAA1F1FA32B0020E988 /* Frameworks */ = {
			isa = PBXFrameworksBuildPhase;
			buildActionMask = 2147483647;
			files = (
			);
			runOnlyForDeploymentPostprocessing = 0;
		};
/* End PBXFrameworksBuildPhase section */

/* Begin PBXGroup section */
		F4CCEBA41F1FA32B0020E988 = {
			isa = PBXGroup;
			children = (
				F4CCEBAF1F1FA32C0020E988 /* Webshot */,
				F4CCEBAE1F1FA32C0020E988 /* Products */,
			);
			sourceTree = "<group>";
		};
		F4CCEBAE1F1FA32C0020E988 /* Products */ = {
			isa = PBXGroup;
			children = (
				F4CCEBAD1F1FA32C0020E988 /* Webshot.app */,
			);
			name = Products;
			sourceTree = "<group>";
		};
		F4CCEBAF1F1FA32C0020E988 /* Webshot */ = {
			isa = PBXGroup;
			children = (
				F4CCEBB91F1FA32C0020E988 /* Info.plist */,
				F4CCEBB01F1FA32C0020E988 /* AppDelegate.swift */,
				F4CCEBB21F1FA32C0020E988 /* ViewController.swift */,
				F4CCEBBF1F1FB0010020E988 /* Utils.swift */,
				F4CCEBB61F1FA32C0020E988 /* Main.storyboard */,
				F4CCEBB41F1FA32C0020E988 /* Assets.xcassets */,
			);
			path = Webshot;
			sourceTree = "<group>";
		};
/* End PBXGroup section */

/* Begin PBXNativeTarget section */
		F4CCEBAC1F1FA32B0020E988 /* Webshot */ = {
			isa = PBXNativeTarget;
			buildConfigurationList = F4CCEBBC1F1FA32C0020E988 /* Build configuration list for PBXNativeTarget "Webshot" */;
			buildPhases = (
				F4CCEBA91F1FA32B0020E988 /* Sources */,
				F4CCEBAA1F1FA32B0020E988 /* Frameworks */,
				F4CCEBAB1F1FA32B0020E988 /* Resources */,
			);
			buildRules = (
			);
			dependencies = (
			);
			name = Webshot;
			productName = Webshot;
			productReference = F4CCEBAD1F1FA32C0020E988 /* Webshot.app */;
			productType = "com.apple.product-type.application";
		};
/* End PBXNativeTarget section */

/* Begin PBXProject section */
		F4CCEBA51F1FA32B0020E988 /* Project object */ = {
			isa = PBXProject;
			attributes = {
				LastSwiftUpdateCheck = 0830;
				LastUpgradeCheck = 0830;
				ORGANIZATIONNAME = Armonia;
				TargetAttributes = {
					F4CCEBAC1F1FA32B0020E988 = {
						CreatedOnToolsVersion = 8.3.2;
						DevelopmentTeam = W7PMV9XFGM;
						ProvisioningStyle = Automatic;
					};
				};
			};
			buildConfigurationList = F4CCEBA81F1FA32B0020E988 /* Build configuration list for PBXProject "Webshot" */;
			compatibilityVersion = "Xcode 3.2";
			developmentRegion = English;
			hasScannedForEncodings = 0;
			knownRegions = (
				en,
				Base,
			);
			mainGroup = F4CCEBA41F1FA32B0020E988;
			productRefGroup = F4CCEBAE1F1FA32C0020E988 /* Products */;
			projectDirPath = "";
			projectRoot = "";
			targets = (
				F4CCEBAC1F1FA32B0020E988 /* Webshot */,
			);
		};
/* End PBXProject section */

/* Begin PBXResourcesBuildPhase section */
		F4CCEBAB1F1FA32B0020E988 /* Resources */ = {
			isa = PBXResourcesBuildPhase;
			buildActionMask = 2147483647;
			files = (
				F4CCEBB51F1FA32C0020E988 /* Assets.xcassets in Resources */,
				F4CCEBB81F1FA32C0020E988 /* Main.storyboard in Resources */,
			);
			runOnlyForDeploymentPostprocessing = 0;
		};
/* End PBXResourcesBuildPhase section */

/* Begin PBXSourcesBuildPhase section */
		F4CCEBA91F1FA32B0020E988 /* Sources */ = {
			isa = PBXSourcesBuildPhase;
			buildActionMask = 2147483647;
			files = (
				F4CCEBB31F1FA32C0020E988 /* ViewController.swift in Sources */,
				F4CCEBB11F1FA32C0020E988 /* AppDelegate.swift in Sources */,
				F4CCEBC01F1FB0010020E988 /* Utils.swift in Sources */,
			);
			runOnlyForDeploymentPostprocessing = 0;
		};
/* End PBXSourcesBuildPhase section */

/* Begin PBXVariantGroup section */
		F4CCEBB61F1FA32C0020E988 /* Main.storyboard */ = {
			isa = PBXVariantGroup;
			children = (
				F4CCEBB71F1FA32C0020E988 /* Base */,
			);
			name = Main.storyboard;
			sourceTree = "<group>";
		};
/* End PBXVariantGroup section */

/* Begin XCBuildConfiguration section */
		F4CCEBBA1F1FA32C0020E988 /* Debug */ = {
			isa = XCBuildConfiguration;
			buildSettings = {
				ALWAYS_SEARCH_USER_PATHS = NO;
				CLANG_ANALYZER_NONNULL = YES;
				CLANG_ANALYZER_NUMBER_OBJECT_CONVERSION = YES_AGGRESSIVE;
				CLANG_CXX_LANGUAGE_STANDARD = "gnu++0x";
				CLANG_CXX_LIBRARY = "libc++";
				CLANG_ENABLE_MODULES = YES;
				CLANG_ENABLE_OBJC_ARC = YES;
				CLANG_WARN_BOOL_CONVERSION = YES;
				CLANG_WARN_CONSTANT_CONVERSION = YES;
				CLANG_WARN_DIRECT_OBJC_ISA_USAGE = YES_ERROR;
				CLANG_WARN_DOCUMENTATION_COMMENTS = YES;
				CLANG_WARN_EMPTY_BODY = YES;
				CLANG_WARN_ENUM_CONVERSION = YES;
				CLANG_WARN_INFINITE_RECURSION = YES;
				CLANG_WARN_INT_CONVERSION = YES;
				CLANG_WARN_OBJC_ROOT_CLASS = YES_ERROR;
				CLANG_WARN_SUSPICIOUS_MOVE = YES;
				CLANG_WARN_UNREACHABLE_CODE = YES;
				CLANG_WARN__DUPLICATE_METHOD_MATCH = YES;
				CODE_SIGN_IDENTITY = "-";
				COPY_PHASE_STRIP = NO;
				DEBUG_INFORMATION_FORMAT = dwarf;
				ENABLE_STRICT_OBJC_MSGSEND = YES;
				ENABLE_TESTABILITY = YES;
				GCC_C_LANGUAGE_STANDARD = gnu99;
				GCC_DYNAMIC_NO_PIC = NO;
				GCC_NO_COMMON_BLOCKS = YES;
				GCC_OPTIMIZATION_LEVEL = 0;
				GCC_PREPROCESSOR_DEFINITIONS = (
					"DEBUG=1",
					"$(inherited)",
				);
				GCC_WARN_64_TO_32_BIT_CONVERSION = YES;
				GCC_WARN_ABOUT_RETURN_TYPE = YES_ERROR;
				GCC_WARN_UNDECLARED_SELECTOR = YES;
				GCC_WARN_UNINITIALIZED_AUTOS = YES_AGGRESSIVE;
				GCC_WARN_UNUSED_FUNCTION = YES;
				GCC_WARN_UNUSED_VARIABLE = YES;
				MACOSX_DEPLOYMENT_TARGET = 10.12;
				MTL_ENABLE_DEBUG_INFO = YES;
				ONLY_ACTIVE_ARCH = YES;
				SDKROOT = macosx;
				SWIFT_ACTIVE_COMPILATION_CONDITIONS = DEBUG;
				SWIFT_OPTIMIZATION_LEVEL = "-Onone";
			};
			name = Debug;
		};
		F4CCEBBB1F1FA32C0020E988 /* Release */ = {
			isa = XCBuildConfiguration;
			buildSettings = {
				ALWAYS_SEARCH_USER_PATHS = NO;
				CLANG_ANALYZER_NONNULL = YES;
				CLANG_ANALYZER_NUMBER_OBJECT_CONVERSION = YES_AGGRESSIVE;
				CLANG_CXX_LANGUAGE_STANDARD = "gnu++0x";
				CLANG_CXX_LIBRARY = "libc++";
				CLANG_ENABLE_MODULES = YES;
				CLANG_ENABLE_OBJC_ARC = YES;
				CLANG_WARN_BOOL_CONVERSION = YES;
				CLANG_WARN_CONSTANT_CONVERSION = YES;
				CLANG_WARN_DIRECT_OBJC_ISA_USAGE = YES_ERROR;
				CLANG_WARN_DOCUMENTATION_COMMENTS = YES;
				CLANG_WARN_EMPTY_BODY = YES;
				CLANG_WARN_ENUM_CONVERSION = YES;
				CLANG_WARN_INFINITE_RECURSION = YES;
				CLANG_WARN_INT_CONVERSION = YES;
				CLANG_WARN_OBJC_ROOT_CLASS = YES_ERROR;
				CLANG_WARN_SUSPICIOUS_MOVE = YES;
				CLANG_WARN_UNREACHABLE_CODE = YES;
				CLANG_WARN__DUPLICATE_METHOD_MATCH = YES;
				CODE_SIGN_IDENTITY = "-";
				COPY_PHASE_STRIP = NO;
				DEBUG_INFORMATION_FORMAT = "dwarf-with-dsym";
				ENABLE_NS_ASSERTIONS = NO;
				ENABLE_STRICT_OBJC_MSGSEND = YES;
				GCC_C_LANGUAGE_STANDARD = gnu99;
				GCC_NO_COMMON_BLOCKS = YES;
				GCC_WARN_64_TO_32_BIT_CONVERSION = YES;
				GCC_WARN_ABOUT_RETURN_TYPE = YES_ERROR;
				GCC_WARN_UNDECLARED_SELECTOR = YES;
				GCC_WARN_UNINITIALIZED_AUTOS = YES_AGGRESSIVE;
				GCC_WARN_UNUSED_FUNCTION = YES;
				GCC_WARN_UNUSED_VARIABLE = YES;
				MACOSX_DEPLOYMENT_TARGET = 10.12;
				MTL_ENABLE_DEBUG_INFO = NO;
				SDKROOT = macosx;
				SWIFT_OPTIMIZATION_LEVEL = "-Owholemodule";
			};
			name = Release;
		};
		F4CCEBBD1F1FA32C0020E988 /* Debug */ = {
			isa = XCBuildConfiguration;
			buildSettings = {
				ASSETCATALOG_COMPILER_APPICON_NAME = AppIcon;
				COMBINE_HIDPI_IMAGES = YES;
				DEVELOPMENT_TEAM = W7PMV9XFGM;
				INFOPLIST_FILE = Webshot/Info.plist;
				LD_RUNPATH_SEARCH_PATHS = "$(inherited) @executable_path/../Frameworks";
				PRODUCT_BUNDLE_IDENTIFIER = Armonia.Webshot;
				PRODUCT_NAME = "$(TARGET_NAME)";
				SWIFT_VERSION = 3.0;
			};
			name = Debug;
		};
		F4CCEBBE1F1FA32C0020E988 /* Release */ = {
			isa = XCBuildConfiguration;
			buildSettings = {
				ASSETCATALOG_COMPILER_APPICON_NAME = AppIcon;
				COMBINE_HIDPI_IMAGES = YES;
				DEVELOPMENT_TEAM = W7PMV9XFGM;
				INFOPLIST_FILE = Webshot/Info.plist;
				LD_RUNPATH_SEARCH_PATHS = "$(inherited) @executable_path/../Frameworks";
				PRODUCT_BUNDLE_IDENTIFIER = Armonia.Webshot;
				PRODUCT_NAME = "$(TARGET_NAME)";
				SWIFT_VERSION = 3.0;
			};
			name = Release;
		};
/* End XCBuildConfiguration section */

/* Begin XCConfigurationList section */
		F4CCEBA81F1FA32B0020E988 /* Build configuration list for PBXProject "Webshot" */ = {
			isa = XCConfigurationList;
			buildConfigurations = (
				F4CCEBBA1F1FA32C0020E988 /* Debug */,
				F4CCEBBB1F1FA32C0020E988 /* Release */,
			);
			defaultConfigurationIsVisible = 0;
			defaultConfigurationName = Release;
		};
		F4CCEBBC1F1FA32C0020E988 /* Build configuration list for PBXNativeTarget "Webshot" */ = {
			isa = XCConfigurationList;
			buildConfigurations = (
				F4CCEBBD1F1FA32C0020E988 /* Debug */,
				F4CCEBBE1F1FA32C0020E988 /* Release */,
			);
			defaultConfigurationIsVisible = 0;
			defaultConfigurationName = Release;
		};
/* End XCConfigurationList section */
	};
	rootObject = F4CCEBA51F1FA32B0020E988 /* Project object */;
}
